
Microsoft Visual Studio Solution File, Format Version 12.00
# Visual Studio 15
VisualStudioVersion = 15.0.27703.2042
MinimumVisualStudioVersion = 10.0.40219.1
Project("{FAE04EC0-301F-11D3-BF4B-00C04F79EFBC}") = "Ahorcado", "Ahorcado\Ahorcado.csproj", "{B71F245E-0FCA-4686-88B7-EEBD0674CE83}"
EndProject
Global
	GlobalSection(SolutionConfigurationPlatforms) = preSolution
		Debug|Any CPU = Debug|Any CPU
		Release|Any CPU = Release|Any CPU
	EndGlobalSection
	GlobalSection(ProjectConfigurationPlatforms) = postSolution
		{B71F245E-0FCA-4686-88B7-EEBD0674CE83}.Debug|Any CPU.ActiveCfg = Debug|Any CPU
		{B71F245E-0FCA-4686-88B7-EEBD0674CE83}.Debug|Any CPU.Build.0 = Debug|Any CPU
		{B71F245E-0FCA-4686-88B7-EEBD0674CE83}.Release|Any CPU.ActiveCfg = Release|Any CPU
		{B71F245E-0FCA-4686-88B7-EEBD0674CE83}.Release|Any CPU.Build.0 = Release|Any CPU
	EndGlobalSection
	GlobalSection(SolutionProperties) = preSolution
		HideSolutionNode = FALSE
	EndGlobalSection
	GlobalSection(ExtensibilityGlobals) = postSolution
		SolutionGuid = {17EFDB4E-5C9A-4635-B57C-1F07653AD6D0}
	EndGlobalSection
EndGlobal
