
Microsoft Visual Studio Solution File, Format Version 12.00
# Visual Studio 15
VisualStudioVersion = 15.0.27703.2042
MinimumVisualStudioVersion = 10.0.40219.1
Project("{FAE04EC0-301F-11D3-BF4B-00C04F79EFBC}") = "Actividad2", "Actividad2\Actividad2.csproj", "{2C5EE9A0-336B-45A9-9BB1-6C61A0F58FCD}"
EndProject
Global
	GlobalSection(SolutionConfigurationPlatforms) = preSolution
		Debug|Any CPU = Debug|Any CPU
		Release|Any CPU = Release|Any CPU
	EndGlobalSection
	GlobalSection(ProjectConfigurationPlatforms) = postSolution
		{2C5EE9A0-336B-45A9-9BB1-6C61A0F58FCD}.Debug|Any CPU.ActiveCfg = Debug|Any CPU
		{2C5EE9A0-336B-45A9-9BB1-6C61A0F58FCD}.Debug|Any CPU.Build.0 = Debug|Any CPU
		{2C5EE9A0-336B-45A9-9BB1-6C61A0F58FCD}.Release|Any CPU.ActiveCfg = Release|Any CPU
		{2C5EE9A0-336B-45A9-9BB1-6C61A0F58FCD}.Release|Any CPU.Build.0 = Release|Any CPU
	EndGlobalSection
	GlobalSection(SolutionProperties) = preSolution
		HideSolutionNode = FALSE
	EndGlobalSection
	GlobalSection(ExtensibilityGlobals) = postSolution
		SolutionGuid = {7E29FC88-5E13-4AEB-9102-BE92CBBE9DAE}
	EndGlobalSection
EndGlobal
